
Microsoft Visual Studio Solution File, Format Version 12.00
Project("{FAE04EC0-301F-11D3-BF4B-00C04F79EFBC}") = "The Beef", "The Beef\The Beef.csproj", "{2357109D-0D6D-47E4-A93C-B257E64CCCF7}"
EndProject
Global
	GlobalSection(SolutionConfigurationPlatforms) = preSolution
		Debug|Any CPU = Debug|Any CPU
		Release|Any CPU = Release|Any CPU
	EndGlobalSection
	GlobalSection(ProjectConfigurationPlatforms) = postSolution
		{2357109D-0D6D-47E4-A93C-B257E64CCCF7}.Debug|Any CPU.ActiveCfg = Debug|Any CPU
		{2357109D-0D6D-47E4-A93C-B257E64CCCF7}.Debug|Any CPU.Build.0 = Debug|Any CPU
		{2357109D-0D6D-47E4-A93C-B257E64CCCF7}.Release|Any CPU.ActiveCfg = Release|Any CPU
		{2357109D-0D6D-47E4-A93C-B257E64CCCF7}.Release|Any CPU.Build.0 = Release|Any CPU
	EndGlobalSection
EndGlobal
